// !$*UTF8*$!
{
	archiveVersion = 1;
	classes = {
	};
	objectVersion = 46;
	objects = {

/* Begin PBXBuildFile section */
		E1C6816E16C1DF2F00D8C906 /* UIKit.framework in Frameworks */ = {isa = PBXBuildFile; fileRef = E1C6816D16C1DF2F00D8C906 /* UIKit.framework */; };
		E1C6817016C1DF2F00D8C906 /* Foundation.framework in Frameworks */ = {isa = PBXBuildFile; fileRef = E1C6816F16C1DF2F00D8C906 /* Foundation.framework */; };
		E1C6817216C1DF2F00D8C906 /* CoreGraphics.framework in Frameworks */ = {isa = PBXBuildFile; fileRef = E1C6817116C1DF2F00D8C906 /* CoreGraphics.framework */; };
		E1C6817816C1DF2F00D8C906 /* InfoPlist.strings in Resources */ = {isa = PBXBuildFile; fileRef = E1C6817616C1DF2F00D8C906 /* InfoPlist.strings */; };
		E1C6817A16C1DF2F00D8C906 /* main.m in Sources */ = {isa = PBXBuildFile; fileRef = E1C6817916C1DF2F00D8C906 /* main.m */; };
		E1C6817E16C1DF2F00D8C906 /* AppDelegate.m in Sources */ = {isa = PBXBuildFile; fileRef = E1C6817D16C1DF2F00D8C906 /* AppDelegate.m */; };
		E1C6818016C1DF2F00D8C906 /* Default.png in Resources */ = {isa = PBXBuildFile; fileRef = E1C6817F16C1DF2F00D8C906 /* Default.png */; };
		E1C6818216C1DF2F00D8C906 /* Default@2x.png in Resources */ = {isa = PBXBuildFile; fileRef = E1C6818116C1DF2F00D8C906 /* Default@2x.png */; };
		E1C6818416C1DF2F00D8C906 /* Default-568h@2x.png in Resources */ = {isa = PBXBuildFile; fileRef = E1C6818316C1DF2F00D8C906 /* Default-568h@2x.png */; };
		E1C6818716C1DF2F00D8C906 /* MainStoryboard.storyboard in Resources */ = {isa = PBXBuildFile; fileRef = E1C6818516C1DF2F00D8C906 /* MainStoryboard.storyboard */; };
		E1C6818A16C1DF2F00D8C906 /* TweetsController.m in Sources */ = {isa = PBXBuildFile; fileRef = E1C6818916C1DF2F00D8C906 /* TweetsController.m */; };
		E1C6819316C1DF4B00D8C906 /* Tweet.m in Sources */ = {isa = PBXBuildFile; fileRef = E1C6819216C1DF4B00D8C906 /* Tweet.m */; };
		E1C6819516C1E41500D8C906 /* Icon.png in Resources */ = {isa = PBXBuildFile; fileRef = E1C6819416C1E41500D8C906 /* Icon.png */; };
		E7EFF1841CE547DAA78AA753 /* libPods.a in Frameworks */ = {isa = PBXBuildFile; fileRef = 273039F9BC414C508FE8DD64 /* libPods.a */; };
/* End PBXBuildFile section */

/* Begin PBXFileReference section */
		273039F9BC414C508FE8DD64 /* libPods.a */ = {isa = PBXFileReference; explicitFileType = archive.ar; includeInIndex = 0; path = libPods.a; sourceTree = BUILT_PRODUCTS_DIR; };
		4C492B5094CD4668B5B6B878 /* Pods.xcconfig */ = {isa = PBXFileReference; includeInIndex = 1; lastKnownFileType = text.xcconfig; name = Pods.xcconfig; path = Pods/Pods.xcconfig; sourceTree = SOURCE_ROOT; };
		E1C6816A16C1DF2F00D8C906 /* AppNetwork.app */ = {isa = PBXFileReference; explicitFileType = wrapper.application; includeInIndex = 0; path = AppNetwork.app; sourceTree = BUILT_PRODUCTS_DIR; };
		E1C6816D16C1DF2F00D8C906 /* UIKit.framework */ = {isa = PBXFileReference; lastKnownFileType = wrapper.framework; name = UIKit.framework; path = System/Library/Frameworks/UIKit.framework; sourceTree = SDKROOT; };
		E1C6816F16C1DF2F00D8C906 /* Foundation.framework */ = {isa = PBXFileReference; lastKnownFileType = wrapper.framework; name = Foundation.framework; path = System/Library/Frameworks/Foundation.framework; sourceTree = SDKROOT; };
		E1C6817116C1DF2F00D8C906 /* CoreGraphics.framework */ = {isa = PBXFileReference; lastKnownFileType = wrapper.framework; name = CoreGraphics.framework; path = System/Library/Frameworks/CoreGraphics.framework; sourceTree = SDKROOT; };
		E1C6817516C1DF2F00D8C906 /* AppNetwork-Info.plist */ = {isa = PBXFileReference; lastKnownFileType = text.plist.xml; path = "AppNetwork-Info.plist"; sourceTree = "<group>"; };
		E1C6817716C1DF2F00D8C906 /* en */ = {isa = PBXFileReference; lastKnownFileType = text.plist.strings; name = en; path = en.lproj/InfoPlist.strings; sourceTree = "<group>"; };
		E1C6817916C1DF2F00D8C906 /* main.m */ = {isa = PBXFileReference; lastKnownFileType = sourcecode.c.objc; path = main.m; sourceTree = "<group>"; };
		E1C6817B16C1DF2F00D8C906 /* AppNetwork-Prefix.pch */ = {isa = PBXFileReference; lastKnownFileType = sourcecode.c.h; path = "AppNetwork-Prefix.pch"; sourceTree = "<group>"; };
		E1C6817C16C1DF2F00D8C906 /* AppDelegate.h */ = {isa = PBXFileReference; lastKnownFileType = sourcecode.c.h; path = AppDelegate.h; sourceTree = "<group>"; };
		E1C6817D16C1DF2F00D8C906 /* AppDelegate.m */ = {isa = PBXFileReference; lastKnownFileType = sourcecode.c.objc; path = AppDelegate.m; sourceTree = "<group>"; };
		E1C6817F16C1DF2F00D8C906 /* Default.png */ = {isa = PBXFileReference; lastKnownFileType = image.png; path = Default.png; sourceTree = "<group>"; };
		E1C6818116C1DF2F00D8C906 /* Default@2x.png */ = {isa = PBXFileReference; lastKnownFileType = image.png; path = "Default@2x.png"; sourceTree = "<group>"; };
		E1C6818316C1DF2F00D8C906 /* Default-568h@2x.png */ = {isa = PBXFileReference; lastKnownFileType = image.png; path = "Default-568h@2x.png"; sourceTree = "<group>"; };
		E1C6818616C1DF2F00D8C906 /* en */ = {isa = PBXFileReference; lastKnownFileType = file.storyboard; name = en; path = en.lproj/MainStoryboard.storyboard; sourceTree = "<group>"; };
		E1C6818816C1DF2F00D8C906 /* TweetsController.h */ = {isa = PBXFileReference; lastKnownFileType = sourcecode.c.h; path = TweetsController.h; sourceTree = "<group>"; };
		E1C6818916C1DF2F00D8C906 /* TweetsController.m */ = {isa = PBXFileReference; lastKnownFileType = sourcecode.c.objc; path = TweetsController.m; sourceTree = "<group>"; };
		E1C6819116C1DF4B00D8C906 /* Tweet.h */ = {isa = PBXFileReference; fileEncoding = 4; lastKnownFileType = sourcecode.c.h; name = Tweet.h; path = Models/Tweet.h; sourceTree = "<group>"; };
		E1C6819216C1DF4B00D8C906 /* Tweet.m */ = {isa = PBXFileReference; fileEncoding = 4; lastKnownFileType = sourcecode.c.objc; name = Tweet.m; path = Models/Tweet.m; sourceTree = "<group>"; };
		E1C6819416C1E41500D8C906 /* Icon.png */ = {isa = PBXFileReference; lastKnownFileType = image.png; path = Icon.png; sourceTree = "<group>"; };
/* End PBXFileReference section */

/* Begin PBXFrameworksBuildPhase section */
		E1C6816716C1DF2F00D8C906 /* Frameworks */ = {
			isa = PBXFrameworksBuildPhase;
			buildActionMask = 2147483647;
			files = (
				E1C6816E16C1DF2F00D8C906 /* UIKit.framework in Frameworks */,
				E1C6817016C1DF2F00D8C906 /* Foundation.framework in Frameworks */,
				E1C6817216C1DF2F00D8C906 /* CoreGraphics.framework in Frameworks */,
				E7EFF1841CE547DAA78AA753 /* libPods.a in Frameworks */,
			);
			runOnlyForDeploymentPostprocessing = 0;
		};
/* End PBXFrameworksBuildPhase section */

/* Begin PBXGroup section */
		E1C6816116C1DF2F00D8C906 = {
			isa = PBXGroup;
			children = (
				E1C6817316C1DF2F00D8C906 /* AppNetwork */,
				E1C6816C16C1DF2F00D8C906 /* Frameworks */,
				E1C6816B16C1DF2F00D8C906 /* Products */,
				4C492B5094CD4668B5B6B878 /* Pods.xcconfig */,
			);
			sourceTree = "<group>";
		};
		E1C6816B16C1DF2F00D8C906 /* Products */ = {
			isa = PBXGroup;
			children = (
				E1C6816A16C1DF2F00D8C906 /* AppNetwork.app */,
			);
			name = Products;
			sourceTree = "<group>";
		};
		E1C6816C16C1DF2F00D8C906 /* Frameworks */ = {
			isa = PBXGroup;
			children = (
				E1C6816D16C1DF2F00D8C906 /* UIKit.framework */,
				E1C6816F16C1DF2F00D8C906 /* Foundation.framework */,
				E1C6817116C1DF2F00D8C906 /* CoreGraphics.framework */,
				273039F9BC414C508FE8DD64 /* libPods.a */,
			);
			name = Frameworks;
			sourceTree = "<group>";
		};
		E1C6817316C1DF2F00D8C906 /* AppNetwork */ = {
			isa = PBXGroup;
			children = (
				E1C6819416C1E41500D8C906 /* Icon.png */,
				E1C6819016C1DF3700D8C906 /* Models */,
				E1C6817C16C1DF2F00D8C906 /* AppDelegate.h */,
				E1C6817D16C1DF2F00D8C906 /* AppDelegate.m */,
				E1C6818516C1DF2F00D8C906 /* MainStoryboard.storyboard */,
				E1C6818816C1DF2F00D8C906 /* TweetsController.h */,
				E1C6818916C1DF2F00D8C906 /* TweetsController.m */,
				E1C6817416C1DF2F00D8C906 /* Supporting Files */,
			);
			path = AppNetwork;
			sourceTree = "<group>";
		};
		E1C6817416C1DF2F00D8C906 /* Supporting Files */ = {
			isa = PBXGroup;
			children = (
				E1C6817516C1DF2F00D8C906 /* AppNetwork-Info.plist */,
				E1C6817616C1DF2F00D8C906 /* InfoPlist.strings */,
				E1C6817916C1DF2F00D8C906 /* main.m */,
				E1C6817B16C1DF2F00D8C906 /* AppNetwork-Prefix.pch */,
				E1C6817F16C1DF2F00D8C906 /* Default.png */,
				E1C6818116C1DF2F00D8C906 /* Default@2x.png */,
				E1C6818316C1DF2F00D8C906 /* Default-568h@2x.png */,
			);
			name = "Supporting Files";
			sourceTree = "<group>";
		};
		E1C6819016C1DF3700D8C906 /* Models */ = {
			isa = PBXGroup;
			children = (
				E1C6819116C1DF4B00D8C906 /* Tweet.h */,
				E1C6819216C1DF4B00D8C906 /* Tweet.m */,
			);
			name = Models;
			sourceTree = "<group>";
		};
/* End PBXGroup section */

/* Begin PBXNativeTarget section */
		E1C6816916C1DF2F00D8C906 /* AppNetwork */ = {
			isa = PBXNativeTarget;
			buildConfigurationList = E1C6818D16C1DF2F00D8C906 /* Build configuration list for PBXNativeTarget "AppNetwork" */;
			buildPhases = (
				E1C6816616C1DF2F00D8C906 /* Sources */,
				E1C6816716C1DF2F00D8C906 /* Frameworks */,
				E1C6816816C1DF2F00D8C906 /* Resources */,
				96A0A68AC975463BA46A0626 /* Copy Pods Resources */,
			);
			buildRules = (
			);
			dependencies = (
			);
			name = AppNetwork;
			productName = AppNetwork;
			productReference = E1C6816A16C1DF2F00D8C906 /* AppNetwork.app */;
			productType = "com.apple.product-type.application";
		};
/* End PBXNativeTarget section */

/* Begin PBXProject section */
		E1C6816216C1DF2F00D8C906 /* Project object */ = {
			isa = PBXProject;
			attributes = {
				LastUpgradeCheck = 0460;
				ORGANIZATIONNAME = "Fernando Bass";
			};
			buildConfigurationList = E1C6816516C1DF2F00D8C906 /* Build configuration list for PBXProject "AppNetwork" */;
			compatibilityVersion = "Xcode 3.2";
			developmentRegion = English;
			hasScannedForEncodings = 0;
			knownRegions = (
				en,
			);
			mainGroup = E1C6816116C1DF2F00D8C906;
			productRefGroup = E1C6816B16C1DF2F00D8C906 /* Products */;
			projectDirPath = "";
			projectRoot = "";
			targets = (
				E1C6816916C1DF2F00D8C906 /* AppNetwork */,
			);
		};
/* End PBXProject section */

/* Begin PBXResourcesBuildPhase section */
		E1C6816816C1DF2F00D8C906 /* Resources */ = {
			isa = PBXResourcesBuildPhase;
			buildActionMask = 2147483647;
			files = (
				E1C6817816C1DF2F00D8C906 /* InfoPlist.strings in Resources */,
				E1C6818016C1DF2F00D8C906 /* Default.png in Resources */,
				E1C6818216C1DF2F00D8C906 /* Default@2x.png in Resources */,
				E1C6818416C1DF2F00D8C906 /* Default-568h@2x.png in Resources */,
				E1C6818716C1DF2F00D8C906 /* MainStoryboard.storyboard in Resources */,
				E1C6819516C1E41500D8C906 /* Icon.png in Resources */,
			);
			runOnlyForDeploymentPostprocessing = 0;
		};
/* End PBXResourcesBuildPhase section */

/* Begin PBXShellScriptBuildPhase section */
		96A0A68AC975463BA46A0626 /* Copy Pods Resources */ = {
			isa = PBXShellScriptBuildPhase;
			buildActionMask = 2147483647;
			files = (
			);
			inputPaths = (
			);
			name = "Copy Pods Resources";
			outputPaths = (
			);
			runOnlyForDeploymentPostprocessing = 0;
			shellPath = /bin/sh;
			shellScript = "\"${SRCROOT}/Pods/Pods-resources.sh\"\n";
		};
/* End PBXShellScriptBuildPhase section */

/* Begin PBXSourcesBuildPhase section */
		E1C6816616C1DF2F00D8C906 /* Sources */ = {
			isa = PBXSourcesBuildPhase;
			buildActionMask = 2147483647;
			files = (
				E1C6817A16C1DF2F00D8C906 /* main.m in Sources */,
				E1C6817E16C1DF2F00D8C906 /* AppDelegate.m in Sources */,
				E1C6818A16C1DF2F00D8C906 /* TweetsController.m in Sources */,
				E1C6819316C1DF4B00D8C906 /* Tweet.m in Sources */,
			);
			runOnlyForDeploymentPostprocessing = 0;
		};
/* End PBXSourcesBuildPhase section */

/* Begin PBXVariantGroup section */
		E1C6817616C1DF2F00D8C906 /* InfoPlist.strings */ = {
			isa = PBXVariantGroup;
			children = (
				E1C6817716C1DF2F00D8C906 /* en */,
			);
			name = InfoPlist.strings;
			sourceTree = "<group>";
		};
		E1C6818516C1DF2F00D8C906 /* MainStoryboard.storyboard */ = {
			isa = PBXVariantGroup;
			children = (
				E1C6818616C1DF2F00D8C906 /* en */,
			);
			name = MainStoryboard.storyboard;
			sourceTree = "<group>";
		};
/* End PBXVariantGroup section */

/* Begin XCBuildConfiguration section */
		E1C6818B16C1DF2F00D8C906 /* Debug */ = {
			isa = XCBuildConfiguration;
			buildSettings = {
				ALWAYS_SEARCH_USER_PATHS = NO;
				CLANG_CXX_LANGUAGE_STANDARD = "gnu++0x";
				CLANG_CXX_LIBRARY = "libc++";
				CLANG_ENABLE_OBJC_ARC = YES;
				CLANG_WARN_CONSTANT_CONVERSION = YES;
				CLANG_WARN_EMPTY_BODY = YES;
				CLANG_WARN_ENUM_CONVERSION = YES;
				CLANG_WARN_INT_CONVERSION = YES;
				CLANG_WARN__DUPLICATE_METHOD_MATCH = YES;
				"CODE_SIGN_IDENTITY[sdk=iphoneos*]" = "iPhone Developer";
				COPY_PHASE_STRIP = NO;
				GCC_C_LANGUAGE_STANDARD = gnu99;
				GCC_DYNAMIC_NO_PIC = NO;
				GCC_OPTIMIZATION_LEVEL = 0;
				GCC_PREPROCESSOR_DEFINITIONS = (
					"DEBUG=1",
					"$(inherited)",
				);
				GCC_SYMBOLS_PRIVATE_EXTERN = NO;
				GCC_WARN_ABOUT_RETURN_TYPE = YES;
				GCC_WARN_UNINITIALIZED_AUTOS = YES;
				GCC_WARN_UNUSED_VARIABLE = YES;
				IPHONEOS_DEPLOYMENT_TARGET = 6.1;
				ONLY_ACTIVE_ARCH = YES;
				SDKROOT = iphoneos;
			};
			name = Debug;
		};
		E1C6818C16C1DF2F00D8C906 /* Release */ = {
			isa = XCBuildConfiguration;
			buildSettings = {
				ALWAYS_SEARCH_USER_PATHS = NO;
				CLANG_CXX_LANGUAGE_STANDARD = "gnu++0x";
				CLANG_CXX_LIBRARY = "libc++";
				CLANG_ENABLE_OBJC_ARC = YES;
				CLANG_WARN_CONSTANT_CONVERSION = YES;
				CLANG_WARN_EMPTY_BODY = YES;
				CLANG_WARN_ENUM_CONVERSION = YES;
				CLANG_WARN_INT_CONVERSION = YES;
				CLANG_WARN__DUPLICATE_METHOD_MATCH = YES;
				"CODE_SIGN_IDENTITY[sdk=iphoneos*]" = "iPhone Developer";
				COPY_PHASE_STRIP = YES;
				GCC_C_LANGUAGE_STANDARD = gnu99;
				GCC_WARN_ABOUT_RETURN_TYPE = YES;
				GCC_WARN_UNINITIALIZED_AUTOS = YES;
				GCC_WARN_UNUSED_VARIABLE = YES;
				IPHONEOS_DEPLOYMENT_TARGET = 6.1;
				OTHER_CFLAGS = "-DNS_BLOCK_ASSERTIONS=1";
				SDKROOT = iphoneos;
				VALIDATE_PRODUCT = YES;
			};
			name = Release;
		};
		E1C6818E16C1DF2F00D8C906 /* Debug */ = {
			isa = XCBuildConfiguration;
			baseConfigurationReference = 4C492B5094CD4668B5B6B878 /* Pods.xcconfig */;
			buildSettings = {
				GCC_PRECOMPILE_PREFIX_HEADER = YES;
				GCC_PREFIX_HEADER = "AppNetwork/AppNetwork-Prefix.pch";
				INFOPLIST_FILE = "AppNetwork/AppNetwork-Info.plist";
				PRODUCT_NAME = "$(TARGET_NAME)";
				WRAPPER_EXTENSION = app;
			};
			name = Debug;
		};
		E1C6818F16C1DF2F00D8C906 /* Release */ = {
			isa = XCBuildConfiguration;
			baseConfigurationReference = 4C492B5094CD4668B5B6B878 /* Pods.xcconfig */;
			buildSettings = {
				GCC_PRECOMPILE_PREFIX_HEADER = YES;
				GCC_PREFIX_HEADER = "AppNetwork/AppNetwork-Prefix.pch";
				INFOPLIST_FILE = "AppNetwork/AppNetwork-Info.plist";
				PRODUCT_NAME = "$(TARGET_NAME)";
				WRAPPER_EXTENSION = app;
			};
			name = Release;
		};
/* End XCBuildConfiguration section */

/* Begin XCConfigurationList section */
		E1C6816516C1DF2F00D8C906 /* Build configuration list for PBXProject "AppNetwork" */ = {
			isa = XCConfigurationList;
			buildConfigurations = (
				E1C6818B16C1DF2F00D8C906 /* Debug */,
				E1C6818C16C1DF2F00D8C906 /* Release */,
			);
			defaultConfigurationIsVisible = 0;
			defaultConfigurationName = Release;
		};
		E1C6818D16C1DF2F00D8C906 /* Build configuration list for PBXNativeTarget "AppNetwork" */ = {
			isa = XCConfigurationList;
			buildConfigurations = (
				E1C6818E16C1DF2F00D8C906 /* Debug */,
				E1C6818F16C1DF2F00D8C906 /* Release */,
			);
			defaultConfigurationIsVisible = 0;
			defaultConfigurationName = Release;
		};
/* End XCConfigurationList section */
	};
	rootObject = E1C6816216C1DF2F00D8C906 /* Project object */;
}
